
Microsoft Visual Studio Solution File, Format Version 12.00
# Visual Studio Version 17
VisualStudioVersion = 17.5.33414.496
MinimumVisualStudioVersion = 10.0.40219.1
Project("{9A19103F-16F7-4668-BE54-9A1E7A4F7556}") = "GoogleSheetsCS", "GoogleSheetsCS.csproj", "{4D15CE1A-896E-415A-AA12-392A8D01C85A}"
EndProject
Global
	GlobalSection(SolutionConfigurationPlatforms) = preSolution
		Debug|Any CPU = Debug|Any CPU
		Release|Any CPU = Release|Any CPU
	EndGlobalSection
	GlobalSection(ProjectConfigurationPlatforms) = postSolution
		{4D15CE1A-896E-415A-AA12-392A8D01C85A}.Debug|Any CPU.ActiveCfg = Debug|Any CPU
		{4D15CE1A-896E-415A-AA12-392A8D01C85A}.Debug|Any CPU.Build.0 = Debug|Any CPU
		{4D15CE1A-896E-415A-AA12-392A8D01C85A}.Release|Any CPU.ActiveCfg = Release|Any CPU
		{4D15CE1A-896E-415A-AA12-392A8D01C85A}.Release|Any CPU.Build.0 = Release|Any CPU
	EndGlobalSection
	GlobalSection(SolutionProperties) = preSolution
		HideSolutionNode = FALSE
	EndGlobalSection
	GlobalSection(ExtensibilityGlobals) = postSolution
		SolutionGuid = {299EF7E5-02F4-483D-9D1D-5EAB10BC2A50}
	EndGlobalSection
EndGlobal
